Microsoft Visual Studio Solution File, Format Version 12.00
# Visual Studio Version 17
VisualStudioVersion = 17.5.2.0
MinimumVisualStudioVersion = 10.0.40219.1
Project("{FAE04EC0-301F-11D3-BF4B-00C04F79EFBC}") = "TreasureHunt", "TreasureHunt.csproj", "{CFF0D128-9899-50E5-6667-6E96B4FB55AA}"
EndProject
Global
	GlobalSection(SolutionConfigurationPlatforms) = preSolution
		Debug|Any CPU = Debug|Any CPU
		Release|Any CPU = Release|Any CPU
	EndGlobalSection
	GlobalSection(ProjectConfigurationPlatforms) = postSolution
		{CFF0D128-9899-50E5-6667-6E96B4FB55AA}.Debug|Any CPU.ActiveCfg = Debug|Any CPU
		{CFF0D128-9899-50E5-6667-6E96B4FB55AA}.Debug|Any CPU.Build.0 = Debug|Any CPU
		{CFF0D128-9899-50E5-6667-6E96B4FB55AA}.Release|Any CPU.ActiveCfg = Release|Any CPU
		{CFF0D128-9899-50E5-6667-6E96B4FB55AA}.Release|Any CPU.Build.0 = Release|Any CPU
	EndGlobalSection
	GlobalSection(SolutionProperties) = preSolution
		HideSolutionNode = FALSE
	EndGlobalSection
	GlobalSection(ExtensibilityGlobals) = postSolution
		SolutionGuid = {0DE98389-1ACE-4F6D-9EB3-113D1E7F4A73}
	EndGlobalSection
EndGlobal
